// !$*UTF8*$!
{
	archiveVersion = 1;
	classes = {
	};
	objectVersion = 55;
	objects = {

/* Begin PBXBuildFile section */
		472773B92892D2E40077ED0F /* FriendsListTableViewController.swift in Sources */ = {isa = PBXBuildFile; fileRef = 472773B82892D2E40077ED0F /* FriendsListTableViewController.swift */; };
		472773C02892D3430077ED0F /* FriendPhotoCollectionViewController.swift in Sources */ = {isa = PBXBuildFile; fileRef = 472773BF2892D3430077ED0F /* FriendPhotoCollectionViewController.swift */; };
		472773C52892D37D0077ED0F /* UserGroupsListTableViewController.swift in Sources */ = {isa = PBXBuildFile; fileRef = 472773C42892D37D0077ED0F /* UserGroupsListTableViewController.swift */; };
		472773D12892D4B10077ED0F /* PhotoCollectionViewCell.swift in Sources */ = {isa = PBXBuildFile; fileRef = 472773CF2892D4B10077ED0F /* PhotoCollectionViewCell.swift */; };
		472773D22892D4B10077ED0F /* PhotoCollectionViewCell.xib in Resources */ = {isa = PBXBuildFile; fileRef = 472773D02892D4B10077ED0F /* PhotoCollectionViewCell.xib */; };
		472773D62892D5E80077ED0F /* GroupsListTableViewController.swift in Sources */ = {isa = PBXBuildFile; fileRef = 472773D52892D5E80077ED0F /* GroupsListTableViewController.swift */; };
		472773DA2892D91E0077ED0F /* FriendTableViewCell.swift in Sources */ = {isa = PBXBuildFile; fileRef = 472773D82892D91E0077ED0F /* FriendTableViewCell.swift */; };
		472773DB2892D91E0077ED0F /* FriendTableViewCell.xib in Resources */ = {isa = PBXBuildFile; fileRef = 472773D92892D91E0077ED0F /* FriendTableViewCell.xib */; };
		472773DF2892D9910077ED0F /* GroupTableViewCell.swift in Sources */ = {isa = PBXBuildFile; fileRef = 472773DD2892D9910077ED0F /* GroupTableViewCell.swift */; };
		472773E02892D9910077ED0F /* GroupTableViewCell.xib in Resources */ = {isa = PBXBuildFile; fileRef = 472773DE2892D9910077ED0F /* GroupTableViewCell.xib */; };
		472773E828945D330077ED0F /* ApiKey.swift in Sources */ = {isa = PBXBuildFile; fileRef = 472773E728945D330077ED0F /* ApiKey.swift */; };
		472773EA2894691E0077ED0F /* NetworkService.swift in Sources */ = {isa = PBXBuildFile; fileRef = 472773E92894691E0077ED0F /* NetworkService.swift */; };
		472773F32896C9590077ED0F /* VKUser.swift in Sources */ = {isa = PBXBuildFile; fileRef = 472773F22896C9590077ED0F /* VKUser.swift */; };
		472773F72896E5140077ED0F /* VKPhoto.swift in Sources */ = {isa = PBXBuildFile; fileRef = 472773F62896E5140077ED0F /* VKPhoto.swift */; };
		472773F92896E9340077ED0F /* Extension.swift in Sources */ = {isa = PBXBuildFile; fileRef = 472773F82896E9340077ED0F /* Extension.swift */; };
		472773FC2896F5A00077ED0F /* VKGroup.swift in Sources */ = {isa = PBXBuildFile; fileRef = 472773FB2896F5A00077ED0F /* VKGroup.swift */; };
		472774022897EB610077ED0F /* DataManager.swift in Sources */ = {isa = PBXBuildFile; fileRef = 472774012897EB610077ED0F /* DataManager.swift */; };
		4727740528997AEB0077ED0F /* User.swift in Sources */ = {isa = PBXBuildFile; fileRef = 4727740428997AEB0077ED0F /* User.swift */; };
		4727740828997E770077ED0F /* Photo.swift in Sources */ = {isa = PBXBuildFile; fileRef = 4727740728997E770077ED0F /* Photo.swift */; };
		4727740A289984C40077ED0F /* Group.swift in Sources */ = {isa = PBXBuildFile; fileRef = 47277409289984C40077ED0F /* Group.swift */; };
		47E7D51D2892C6980052DE8C /* AppDelegate.swift in Sources */ = {isa = PBXBuildFile; fileRef = 47E7D51C2892C6980052DE8C /* AppDelegate.swift */; };
		47E7D51F2892C6980052DE8C /* SceneDelegate.swift in Sources */ = {isa = PBXBuildFile; fileRef = 47E7D51E2892C6980052DE8C /* SceneDelegate.swift */; };
		47E7D5212892C6980052DE8C /* LoginViewController.swift in Sources */ = {isa = PBXBuildFile; fileRef = 47E7D5202892C6980052DE8C /* LoginViewController.swift */; };
		47E7D5242892C6980052DE8C /* Main.storyboard in Resources */ = {isa = PBXBuildFile; fileRef = 47E7D5222892C6980052DE8C /* Main.storyboard */; };
		47E7D5262892C6990052DE8C /* Assets.xcassets in Resources */ = {isa = PBXBuildFile; fileRef = 47E7D5252892C6990052DE8C /* Assets.xcassets */; };
		47E7D5292892C6990052DE8C /* LaunchScreen.storyboard in Resources */ = {isa = PBXBuildFile; fileRef = 47E7D5272892C6990052DE8C /* LaunchScreen.storyboard */; };
		6CDEAC8745C79842CDF39A77 /* Pods_VK_handmade.framework in Frameworks */ = {isa = PBXBuildFile; fileRef = 23BF5B92A057777CDCD837CD /* Pods_VK_handmade.framework */; };
/* End PBXBuildFile section */

/* Begin PBXFileReference section */
		1D13C12F8CCB301267185C96 /* Pods-VK_handmade.debug.xcconfig */ = {isa = PBXFileReference; includeInIndex = 1; lastKnownFileType = text.xcconfig; name = "Pods-VK_handmade.debug.xcconfig"; path = "Target Support Files/Pods-VK_handmade/Pods-VK_handmade.debug.xcconfig"; sourceTree = "<group>"; };
		23BF5B92A057777CDCD837CD /* Pods_VK_handmade.framework */ = {isa = PBXFileReference; explicitFileType = wrapper.framework; includeInIndex = 0; path = Pods_VK_handmade.framework; sourceTree = BUILT_PRODUCTS_DIR; };
		472773B82892D2E40077ED0F /* FriendsListTableViewController.swift */ = {isa = PBXFileReference; lastKnownFileType = sourcecode.swift; path = FriendsListTableViewController.swift; sourceTree = "<group>"; };
		472773BF2892D3430077ED0F /* FriendPhotoCollectionViewController.swift */ = {isa = PBXFileReference; lastKnownFileType = sourcecode.swift; path = FriendPhotoCollectionViewController.swift; sourceTree = "<group>"; };
		472773C42892D37D0077ED0F /* UserGroupsListTableViewController.swift */ = {isa = PBXFileReference; lastKnownFileType = sourcecode.swift; path = UserGroupsListTableViewController.swift; sourceTree = "<group>"; };
		472773CF2892D4B10077ED0F /* PhotoCollectionViewCell.swift */ = {isa = PBXFileReference; lastKnownFileType = sourcecode.swift; path = PhotoCollectionViewCell.swift; sourceTree = "<group>"; };
		472773D02892D4B10077ED0F /* PhotoCollectionViewCell.xib */ = {isa = PBXFileReference; lastKnownFileType = file.xib; path = PhotoCollectionViewCell.xib; sourceTree = "<group>"; };
		472773D52892D5E80077ED0F /* GroupsListTableViewController.swift */ = {isa = PBXFileReference; lastKnownFileType = sourcecode.swift; path = GroupsListTableViewController.swift; sourceTree = "<group>"; };
		472773D82892D91E0077ED0F /* FriendTableViewCell.swift */ = {isa = PBXFileReference; lastKnownFileType = sourcecode.swift; path = FriendTableViewCell.swift; sourceTree = "<group>"; };
		472773D92892D91E0077ED0F /* FriendTableViewCell.xib */ = {isa = PBXFileReference; lastKnownFileType = file.xib; path = FriendTableViewCell.xib; sourceTree = "<group>"; };
		472773DD2892D9910077ED0F /* GroupTableViewCell.swift */ = {isa = PBXFileReference; lastKnownFileType = sourcecode.swift; path = GroupTableViewCell.swift; sourceTree = "<group>"; };
		472773DE2892D9910077ED0F /* GroupTableViewCell.xib */ = {isa = PBXFileReference; lastKnownFileType = file.xib; path = GroupTableViewCell.xib; sourceTree = "<group>"; };
		472773E728945D330077ED0F /* ApiKey.swift */ = {isa = PBXFileReference; lastKnownFileType = sourcecode.swift; path = ApiKey.swift; sourceTree = "<group>"; };
		472773E92894691E0077ED0F /* NetworkService.swift */ = {isa = PBXFileReference; lastKnownFileType = sourcecode.swift; path = NetworkService.swift; sourceTree = "<group>"; };
		472773F22896C9590077ED0F /* VKUser.swift */ = {isa = PBXFileReference; lastKnownFileType = sourcecode.swift; path = VKUser.swift; sourceTree = "<group>"; };
		472773F62896E5140077ED0F /* VKPhoto.swift */ = {isa = PBXFileReference; lastKnownFileType = sourcecode.swift; path = VKPhoto.swift; sourceTree = "<group>"; };
		472773F82896E9340077ED0F /* Extension.swift */ = {isa = PBXFileReference; lastKnownFileType = sourcecode.swift; path = Extension.swift; sourceTree = "<group>"; };
		472773FB2896F5A00077ED0F /* VKGroup.swift */ = {isa = PBXFileReference; lastKnownFileType = sourcecode.swift; path = VKGroup.swift; sourceTree = "<group>"; };
		472774012897EB610077ED0F /* DataManager.swift */ = {isa = PBXFileReference; lastKnownFileType = sourcecode.swift; path = DataManager.swift; sourceTree = "<group>"; };
		4727740428997AEB0077ED0F /* User.swift */ = {isa = PBXFileReference; lastKnownFileType = sourcecode.swift; path = User.swift; sourceTree = "<group>"; };
		4727740728997E770077ED0F /* Photo.swift */ = {isa = PBXFileReference; lastKnownFileType = sourcecode.swift; path = Photo.swift; sourceTree = "<group>"; };
		47277409289984C40077ED0F /* Group.swift */ = {isa = PBXFileReference; lastKnownFileType = sourcecode.swift; path = Group.swift; sourceTree = "<group>"; };
		47E7D5192892C6980052DE8C /* VK_handmade.app */ = {isa = PBXFileReference; explicitFileType = wrapper.application; includeInIndex = 0; path = VK_handmade.app; sourceTree = BUILT_PRODUCTS_DIR; };
		47E7D51C2892C6980052DE8C /* AppDelegate.swift */ = {isa = PBXFileReference; lastKnownFileType = sourcecode.swift; path = AppDelegate.swift; sourceTree = "<group>"; };
		47E7D51E2892C6980052DE8C /* SceneDelegate.swift */ = {isa = PBXFileReference; lastKnownFileType = sourcecode.swift; path = SceneDelegate.swift; sourceTree = "<group>"; };
		47E7D5202892C6980052DE8C /* LoginViewController.swift */ = {isa = PBXFileReference; lastKnownFileType = sourcecode.swift; path = LoginViewController.swift; sourceTree = "<group>"; };
		47E7D5232892C6980052DE8C /* Base */ = {isa = PBXFileReference; lastKnownFileType = file.storyboard; name = Base; path = Base.lproj/Main.storyboard; sourceTree = "<group>"; };
		47E7D5252892C6990052DE8C /* Assets.xcassets */ = {isa = PBXFileReference; lastKnownFileType = folder.assetcatalog; path = Assets.xcassets; sourceTree = "<group>"; };
		47E7D5282892C6990052DE8C /* Base */ = {isa = PBXFileReference; lastKnownFileType = file.storyboard; name = Base; path = Base.lproj/LaunchScreen.storyboard; sourceTree = "<group>"; };
		47E7D52A2892C6990052DE8C /* Info.plist */ = {isa = PBXFileReference; lastKnownFileType = text.plist.xml; path = Info.plist; sourceTree = "<group>"; };
		5D12E72F7386D26C57A0273E /* Pods-VK_handmade.release.xcconfig */ = {isa = PBXFileReference; includeInIndex = 1; lastKnownFileType = text.xcconfig; name = "Pods-VK_handmade.release.xcconfig"; path = "Target Support Files/Pods-VK_handmade/Pods-VK_handmade.release.xcconfig"; sourceTree = "<group>"; };
/* End PBXFileReference section */

/* Begin PBXFrameworksBuildPhase section */
		47E7D5162892C6980052DE8C /* Frameworks */ = {
			isa = PBXFrameworksBuildPhase;
			buildActionMask = 2147483647;
			files = (
				6CDEAC8745C79842CDF39A77 /* Pods_VK_handmade.framework in Frameworks */,
			);
			runOnlyForDeploymentPostprocessing = 0;
		};
/* End PBXFrameworksBuildPhase section */

/* Begin PBXGroup section */
		2B8551E22A74BFA4BB197B7D /* Frameworks */ = {
			isa = PBXGroup;
			children = (
				23BF5B92A057777CDCD837CD /* Pods_VK_handmade.framework */,
			);
			name = Frameworks;
			sourceTree = "<group>";
		};
		472773B52892D29E0077ED0F /* Login */ = {
			isa = PBXGroup;
			children = (
				47E7D5202892C6980052DE8C /* LoginViewController.swift */,
			);
			path = Login;
			sourceTree = "<group>";
		};
		472773B62892D2A60077ED0F /* Groups */ = {
			isa = PBXGroup;
			children = (
				472773C42892D37D0077ED0F /* UserGroupsListTableViewController.swift */,
				472773D52892D5E80077ED0F /* GroupsListTableViewController.swift */,
				472773DC2892D9810077ED0F /* Cell View */,
				472773FA2896F58D0077ED0F /* Model */,
			);
			path = Groups;
			sourceTree = "<group>";
		};
		472773B72892D2B50077ED0F /* Friends */ = {
			isa = PBXGroup;
			children = (
				472773BE2892D2FE0077ED0F /* Friends List */,
				472773F12896C2280077ED0F /* Model */,
			);
			path = Friends;
			sourceTree = "<group>";
		};
		472773BE2892D2FE0077ED0F /* Friends List */ = {
			isa = PBXGroup;
			children = (
				472773B82892D2E40077ED0F /* FriendsListTableViewController.swift */,
				472773CA2892D3CC0077ED0F /* Cell View */,
			);
			path = "Friends List";
			sourceTree = "<group>";
		};
		472773C32892D3570077ED0F /* Friend Photos */ = {
			isa = PBXGroup;
			children = (
				472773BF2892D3430077ED0F /* FriendPhotoCollectionViewController.swift */,
				472773D32892D4BB0077ED0F /* Cell View */,
				472773F52896E4F60077ED0F /* Model */,
			);
			path = "Friend Photos";
			sourceTree = "<group>";
		};
		472773CA2892D3CC0077ED0F /* Cell View */ = {
			isa = PBXGroup;
			children = (
				472773D82892D91E0077ED0F /* FriendTableViewCell.swift */,
				472773D92892D91E0077ED0F /* FriendTableViewCell.xib */,
			);
			path = "Cell View";
			sourceTree = "<group>";
		};
		472773D32892D4BB0077ED0F /* Cell View */ = {
			isa = PBXGroup;
			children = (
				472773CF2892D4B10077ED0F /* PhotoCollectionViewCell.swift */,
				472773D02892D4B10077ED0F /* PhotoCollectionViewCell.xib */,
			);
			path = "Cell View";
			sourceTree = "<group>";
		};
		472773DC2892D9810077ED0F /* Cell View */ = {
			isa = PBXGroup;
			children = (
				472773DD2892D9910077ED0F /* GroupTableViewCell.swift */,
				472773DE2892D9910077ED0F /* GroupTableViewCell.xib */,
			);
			path = "Cell View";
			sourceTree = "<group>";
		};
		472773E628945D230077ED0F /* Service */ = {
			isa = PBXGroup;
			children = (
				472773E728945D330077ED0F /* ApiKey.swift */,
				472773E92894691E0077ED0F /* NetworkService.swift */,
			);
			path = Service;
			sourceTree = "<group>";
		};
		472773F12896C2280077ED0F /* Model */ = {
			isa = PBXGroup;
			children = (
				472773F22896C9590077ED0F /* VKUser.swift */,
			);
			path = Model;
			sourceTree = "<group>";
		};
		472773F52896E4F60077ED0F /* Model */ = {
			isa = PBXGroup;
			children = (
				472773F62896E5140077ED0F /* VKPhoto.swift */,
			);
			path = Model;
			sourceTree = "<group>";
		};
		472773FA2896F58D0077ED0F /* Model */ = {
			isa = PBXGroup;
			children = (
				472773FB2896F5A00077ED0F /* VKGroup.swift */,
			);
			path = Model;
			sourceTree = "<group>";
		};
		472774002897EB560077ED0F /* Manager */ = {
			isa = PBXGroup;
			children = (
				472774012897EB610077ED0F /* DataManager.swift */,
				4727740328997AE20077ED0F /* Model */,
			);
			path = Manager;
			sourceTree = "<group>";
		};
		4727740328997AE20077ED0F /* Model */ = {
			isa = PBXGroup;
			children = (
				4727740428997AEB0077ED0F /* User.swift */,
				4727740728997E770077ED0F /* Photo.swift */,
				47277409289984C40077ED0F /* Group.swift */,
			);
			path = Model;
			sourceTree = "<group>";
		};
		47E7D5102892C6980052DE8C = {
			isa = PBXGroup;
			children = (
				47E7D51B2892C6980052DE8C /* VK_handmade */,
				47E7D51A2892C6980052DE8C /* Products */,
				554A5B20E0B7E3C84304B058 /* Pods */,
				2B8551E22A74BFA4BB197B7D /* Frameworks */,
			);
			sourceTree = "<group>";
		};
		47E7D51A2892C6980052DE8C /* Products */ = {
			isa = PBXGroup;
			children = (
				47E7D5192892C6980052DE8C /* VK_handmade.app */,
			);
			name = Products;
			sourceTree = "<group>";
		};
		47E7D51B2892C6980052DE8C /* VK_handmade */ = {
			isa = PBXGroup;
			children = (
				47E7D51C2892C6980052DE8C /* AppDelegate.swift */,
				47E7D51E2892C6980052DE8C /* SceneDelegate.swift */,
				472773B52892D29E0077ED0F /* Login */,
				472773B72892D2B50077ED0F /* Friends */,
				472773C32892D3570077ED0F /* Friend Photos */,
				472773B62892D2A60077ED0F /* Groups */,
				472773E628945D230077ED0F /* Service */,
				472774002897EB560077ED0F /* Manager */,
				472773F82896E9340077ED0F /* Extension.swift */,
				47E7D5222892C6980052DE8C /* Main.storyboard */,
				47E7D5252892C6990052DE8C /* Assets.xcassets */,
				47E7D5272892C6990052DE8C /* LaunchScreen.storyboard */,
				47E7D52A2892C6990052DE8C /* Info.plist */,
			);
			path = VK_handmade;
			sourceTree = "<group>";
		};
		554A5B20E0B7E3C84304B058 /* Pods */ = {
			isa = PBXGroup;
			children = (
				1D13C12F8CCB301267185C96 /* Pods-VK_handmade.debug.xcconfig */,
				5D12E72F7386D26C57A0273E /* Pods-VK_handmade.release.xcconfig */,
			);
			path = Pods;
			sourceTree = "<group>";
		};
/* End PBXGroup section */

/* Begin PBXNativeTarget section */
		47E7D5182892C6980052DE8C /* VK_handmade */ = {
			isa = PBXNativeTarget;
			buildConfigurationList = 47E7D52D2892C6990052DE8C /* Build configuration list for PBXNativeTarget "VK_handmade" */;
			buildPhases = (
				B920322BAFA01C73852E04A0 /* [CP] Check Pods Manifest.lock */,
				47E7D5152892C6980052DE8C /* Sources */,
				47E7D5162892C6980052DE8C /* Frameworks */,
				47E7D5172892C6980052DE8C /* Resources */,
				281DD8DCA55DAA522E8AF3D4 /* [CP] Embed Pods Frameworks */,
			);
			buildRules = (
			);
			dependencies = (
			);
			name = VK_handmade;
			productName = VK_handmade;
			productReference = 47E7D5192892C6980052DE8C /* VK_handmade.app */;
			productType = "com.apple.product-type.application";
		};
/* End PBXNativeTarget section */

/* Begin PBXProject section */
		47E7D5112892C6980052DE8C /* Project object */ = {
			isa = PBXProject;
			attributes = {
				BuildIndependentTargetsInParallel = 1;
				LastSwiftUpdateCheck = 1340;
				LastUpgradeCheck = 1340;
				TargetAttributes = {
					47E7D5182892C6980052DE8C = {
						CreatedOnToolsVersion = 13.4.1;
					};
				};
			};
			buildConfigurationList = 47E7D5142892C6980052DE8C /* Build configuration list for PBXProject "VK_handmade" */;
			compatibilityVersion = "Xcode 13.0";
			developmentRegion = en;
			hasScannedForEncodings = 0;
			knownRegions = (
				en,
				Base,
			);
			mainGroup = 47E7D5102892C6980052DE8C;
			productRefGroup = 47E7D51A2892C6980052DE8C /* Products */;
			projectDirPath = "";
			projectRoot = "";
			targets = (
				47E7D5182892C6980052DE8C /* VK_handmade */,
			);
		};
/* End PBXProject section */

/* Begin PBXResourcesBuildPhase section */
		47E7D5172892C6980052DE8C /* Resources */ = {
			isa = PBXResourcesBuildPhase;
			buildActionMask = 2147483647;
			files = (
				472773DB2892D91E0077ED0F /* FriendTableViewCell.xib in Resources */,
				472773E02892D9910077ED0F /* GroupTableViewCell.xib in Resources */,
				47E7D5292892C6990052DE8C /* LaunchScreen.storyboard in Resources */,
				472773D22892D4B10077ED0F /* PhotoCollectionViewCell.xib in Resources */,
				47E7D5262892C6990052DE8C /* Assets.xcassets in Resources */,
				47E7D5242892C6980052DE8C /* Main.storyboard in Resources */,
			);
			runOnlyForDeploymentPostprocessing = 0;
		};
/* End PBXResourcesBuildPhase section */

/* Begin PBXShellScriptBuildPhase section */
		281DD8DCA55DAA522E8AF3D4 /* [CP] Embed Pods Frameworks */ = {
			isa = PBXShellScriptBuildPhase;
			buildActionMask = 2147483647;
			files = (
			);
			inputFileListPaths = (
				"${PODS_ROOT}/Target Support Files/Pods-VK_handmade/Pods-VK_handmade-frameworks-${CONFIGURATION}-input-files.xcfilelist",
			);
			name = "[CP] Embed Pods Frameworks";
			outputFileListPaths = (
				"${PODS_ROOT}/Target Support Files/Pods-VK_handmade/Pods-VK_handmade-frameworks-${CONFIGURATION}-output-files.xcfilelist",
			);
			runOnlyForDeploymentPostprocessing = 0;
			shellPath = /bin/sh;
			shellScript = "\"${PODS_ROOT}/Target Support Files/Pods-VK_handmade/Pods-VK_handmade-frameworks.sh\"\n";
			showEnvVarsInLog = 0;
		};
		B920322BAFA01C73852E04A0 /* [CP] Check Pods Manifest.lock */ = {
			isa = PBXShellScriptBuildPhase;
			buildActionMask = 2147483647;
			files = (
			);
			inputFileListPaths = (
			);
			inputPaths = (
				"${PODS_PODFILE_DIR_PATH}/Podfile.lock",
				"${PODS_ROOT}/Manifest.lock",
			);
			name = "[CP] Check Pods Manifest.lock";
			outputFileListPaths = (
			);
			outputPaths = (
				"$(DERIVED_FILE_DIR)/Pods-VK_handmade-checkManifestLockResult.txt",
			);
			runOnlyForDeploymentPostprocessing = 0;
			shellPath = /bin/sh;
			shellScript = "diff \"${PODS_PODFILE_DIR_PATH}/Podfile.lock\" \"${PODS_ROOT}/Manifest.lock\" > /dev/null\nif [ $? != 0 ] ; then\n    # print error to STDERR\n    echo \"error: The sandbox is not in sync with the Podfile.lock. Run 'pod install' or update your CocoaPods installation.\" >&2\n    exit 1\nfi\n# This output is used by Xcode 'outputs' to avoid re-running this script phase.\necho \"SUCCESS\" > \"${SCRIPT_OUTPUT_FILE_0}\"\n";
			showEnvVarsInLog = 0;
		};
/* End PBXShellScriptBuildPhase section */

/* Begin PBXSourcesBuildPhase section */
		47E7D5152892C6980052DE8C /* Sources */ = {
			isa = PBXSourcesBuildPhase;
			buildActionMask = 2147483647;
			files = (
				472773F92896E9340077ED0F /* Extension.swift in Sources */,
				47E7D5212892C6980052DE8C /* LoginViewController.swift in Sources */,
				472773C52892D37D0077ED0F /* UserGroupsListTableViewController.swift in Sources */,
				4727740A289984C40077ED0F /* Group.swift in Sources */,
				472773FC2896F5A00077ED0F /* VKGroup.swift in Sources */,
				472773C02892D3430077ED0F /* FriendPhotoCollectionViewController.swift in Sources */,
				472773DA2892D91E0077ED0F /* FriendTableViewCell.swift in Sources */,
				472773F72896E5140077ED0F /* VKPhoto.swift in Sources */,
				472773DF2892D9910077ED0F /* GroupTableViewCell.swift in Sources */,
				472773F32896C9590077ED0F /* VKUser.swift in Sources */,
				472774022897EB610077ED0F /* DataManager.swift in Sources */,
				472773B92892D2E40077ED0F /* FriendsListTableViewController.swift in Sources */,
				472773D62892D5E80077ED0F /* GroupsListTableViewController.swift in Sources */,
				4727740828997E770077ED0F /* Photo.swift in Sources */,
				47E7D51D2892C6980052DE8C /* AppDelegate.swift in Sources */,
				472773D12892D4B10077ED0F /* PhotoCollectionViewCell.swift in Sources */,
				4727740528997AEB0077ED0F /* User.swift in Sources */,
				472773E828945D330077ED0F /* ApiKey.swift in Sources */,
				472773EA2894691E0077ED0F /* NetworkService.swift in Sources */,
				47E7D51F2892C6980052DE8C /* SceneDelegate.swift in Sources */,
			);
			runOnlyForDeploymentPostprocessing = 0;
		};
/* End PBXSourcesBuildPhase section */

/* Begin PBXVariantGroup section */
		47E7D5222892C6980052DE8C /* Main.storyboard */ = {
			isa = PBXVariantGroup;
			children = (
				47E7D5232892C6980052DE8C /* Base */,
			);
			name = Main.storyboard;
			sourceTree = "<group>";
		};
		47E7D5272892C6990052DE8C /* LaunchScreen.storyboard */ = {
			isa = PBXVariantGroup;
			children = (
				47E7D5282892C6990052DE8C /* Base */,
			);
			name = LaunchScreen.storyboard;
			sourceTree = "<group>";
		};
/* End PBXVariantGroup section */

/* Begin XCBuildConfiguration section */
		47E7D52B2892C6990052DE8C /* Debug */ = {
			isa = XCBuildConfiguration;
			buildSettings = {
				ALWAYS_SEARCH_USER_PATHS = NO;
				CLANG_ANALYZER_NONNULL = YES;
				CLANG_ANALYZER_NUMBER_OBJECT_CONVERSION = YES_AGGRESSIVE;
				CLANG_CXX_LANGUAGE_STANDARD = "gnu++17";
				CLANG_ENABLE_MODULES = YES;
				CLANG_ENABLE_OBJC_ARC = YES;
				CLANG_ENABLE_OBJC_WEAK = YES;
				CLANG_WARN_BLOCK_CAPTURE_AUTORELEASING = YES;
				CLANG_WARN_BOOL_CONVERSION = YES;
				CLANG_WARN_COMMA = YES;
				CLANG_WARN_CONSTANT_CONVERSION = YES;
				CLANG_WARN_DEPRECATED_OBJC_IMPLEMENTATIONS = YES;
				CLANG_WARN_DIRECT_OBJC_ISA_USAGE = YES_ERROR;
				CLANG_WARN_DOCUMENTATION_COMMENTS = YES;
				CLANG_WARN_EMPTY_BODY = YES;
				CLANG_WARN_ENUM_CONVERSION = YES;
				CLANG_WARN_INFINITE_RECURSION = YES;
				CLANG_WARN_INT_CONVERSION = YES;
				CLANG_WARN_NON_LITERAL_NULL_CONVERSION = YES;
				CLANG_WARN_OBJC_IMPLICIT_RETAIN_SELF = YES;
				CLANG_WARN_OBJC_LITERAL_CONVERSION = YES;
				CLANG_WARN_OBJC_ROOT_CLASS = YES_ERROR;
				CLANG_WARN_QUOTED_INCLUDE_IN_FRAMEWORK_HEADER = YES;
				CLANG_WARN_RANGE_LOOP_ANALYSIS = YES;
				CLANG_WARN_STRICT_PROTOTYPES = YES;
				CLANG_WARN_SUSPICIOUS_MOVE = YES;
				CLANG_WARN_UNGUARDED_AVAILABILITY = YES_AGGRESSIVE;
				CLANG_WARN_UNREACHABLE_CODE = YES;
				CLANG_WARN__DUPLICATE_METHOD_MATCH = YES;
				COPY_PHASE_STRIP = NO;
				DEBUG_INFORMATION_FORMAT = dwarf;
				ENABLE_STRICT_OBJC_MSGSEND = YES;
				ENABLE_TESTABILITY = YES;
				GCC_C_LANGUAGE_STANDARD = gnu11;
				GCC_DYNAMIC_NO_PIC = NO;
				GCC_NO_COMMON_BLOCKS = YES;
				GCC_OPTIMIZATION_LEVEL = 0;
				GCC_PREPROCESSOR_DEFINITIONS = (
					"DEBUG=1",
					"$(inherited)",
				);
				GCC_WARN_64_TO_32_BIT_CONVERSION = YES;
				GCC_WARN_ABOUT_RETURN_TYPE = YES_ERROR;
				GCC_WARN_UNDECLARED_SELECTOR = YES;
				GCC_WARN_UNINITIALIZED_AUTOS = YES_AGGRESSIVE;
				GCC_WARN_UNUSED_FUNCTION = YES;
				GCC_WARN_UNUSED_VARIABLE = YES;
				IPHONEOS_DEPLOYMENT_TARGET = 15.5;
				MTL_ENABLE_DEBUG_INFO = INCLUDE_SOURCE;
				MTL_FAST_MATH = YES;
				ONLY_ACTIVE_ARCH = YES;
				SDKROOT = iphoneos;
				SWIFT_ACTIVE_COMPILATION_CONDITIONS = DEBUG;
				SWIFT_OPTIMIZATION_LEVEL = "-Onone";
			};
			name = Debug;
		};
		47E7D52C2892C6990052DE8C /* Release */ = {
			isa = XCBuildConfiguration;
			buildSettings = {
				ALWAYS_SEARCH_USER_PATHS = NO;
				CLANG_ANALYZER_NONNULL = YES;
				CLANG_ANALYZER_NUMBER_OBJECT_CONVERSION = YES_AGGRESSIVE;
				CLANG_CXX_LANGUAGE_STANDARD = "gnu++17";
				CLANG_ENABLE_MODULES = YES;
				CLANG_ENABLE_OBJC_ARC = YES;
				CLANG_ENABLE_OBJC_WEAK = YES;
				CLANG_WARN_BLOCK_CAPTURE_AUTORELEASING = YES;
				CLANG_WARN_BOOL_CONVERSION = YES;
				CLANG_WARN_COMMA = YES;
				CLANG_WARN_CONSTANT_CONVERSION = YES;
				CLANG_WARN_DEPRECATED_OBJC_IMPLEMENTATIONS = YES;
				CLANG_WARN_DIRECT_OBJC_ISA_USAGE = YES_ERROR;
				CLANG_WARN_DOCUMENTATION_COMMENTS = YES;
				CLANG_WARN_EMPTY_BODY = YES;
				CLANG_WARN_ENUM_CONVERSION = YES;
				CLANG_WARN_INFINITE_RECURSION = YES;
				CLANG_WARN_INT_CONVERSION = YES;
				CLANG_WARN_NON_LITERAL_NULL_CONVERSION = YES;
				CLANG_WARN_OBJC_IMPLICIT_RETAIN_SELF = YES;
				CLANG_WARN_OBJC_LITERAL_CONVERSION = YES;
				CLANG_WARN_OBJC_ROOT_CLASS = YES_ERROR;
				CLANG_WARN_QUOTED_INCLUDE_IN_FRAMEWORK_HEADER = YES;
				CLANG_WARN_RANGE_LOOP_ANALYSIS = YES;
				CLANG_WARN_STRICT_PROTOTYPES = YES;
				CLANG_WARN_SUSPICIOUS_MOVE = YES;
				CLANG_WARN_UNGUARDED_AVAILABILITY = YES_AGGRESSIVE;
				CLANG_WARN_UNREACHABLE_CODE = YES;
				CLANG_WARN__DUPLICATE_METHOD_MATCH = YES;
				COPY_PHASE_STRIP = NO;
				DEBUG_INFORMATION_FORMAT = "dwarf-with-dsym";
				ENABLE_NS_ASSERTIONS = NO;
				ENABLE_STRICT_OBJC_MSGSEND = YES;
				GCC_C_LANGUAGE_STANDARD = gnu11;
				GCC_NO_COMMON_BLOCKS = YES;
				GCC_WARN_64_TO_32_BIT_CONVERSION = YES;
				GCC_WARN_ABOUT_RETURN_TYPE = YES_ERROR;
				GCC_WARN_UNDECLARED_SELECTOR = YES;
				GCC_WARN_UNINITIALIZED_AUTOS = YES_AGGRESSIVE;
				GCC_WARN_UNUSED_FUNCTION = YES;
				GCC_WARN_UNUSED_VARIABLE = YES;
				IPHONEOS_DEPLOYMENT_TARGET = 15.5;
				MTL_ENABLE_DEBUG_INFO = NO;
				MTL_FAST_MATH = YES;
				SDKROOT = iphoneos;
				SWIFT_COMPILATION_MODE = wholemodule;
				SWIFT_OPTIMIZATION_LEVEL = "-O";
				VALIDATE_PRODUCT = YES;
			};
			name = Release;
		};
		47E7D52E2892C6990052DE8C /* Debug */ = {
			isa = XCBuildConfiguration;
			baseConfigurationReference = 1D13C12F8CCB301267185C96 /* Pods-VK_handmade.debug.xcconfig */;
			buildSettings = {
				ASSETCATALOG_COMPILER_APPICON_NAME = AppIcon;
				ASSETCATALOG_COMPILER_GLOBAL_ACCENT_COLOR_NAME = AccentColor;
				CODE_SIGN_STYLE = Automatic;
				CURRENT_PROJECT_VERSION = 1;
				DEVELOPMENT_TEAM = 27TP8KZ84U;
				GENERATE_INFOPLIST_FILE = YES;
				INFOPLIST_FILE = VK_handmade/Info.plist;
				INFOPLIST_KEY_UIApplicationSupportsIndirectInputEvents = YES;
				INFOPLIST_KEY_UILaunchStoryboardName = LaunchScreen;
				INFOPLIST_KEY_UIMainStoryboardFile = Main;
				INFOPLIST_KEY_UISupportedInterfaceOrientations_iPad = "UIInterfaceOrientationPortrait UIInterfaceOrientationPortraitUpsideDown UIInterfaceOrientationLandscapeLeft UIInterfaceOrientationLandscapeRight";
				INFOPLIST_KEY_UISupportedInterfaceOrientations_iPhone = "UIInterfaceOrientationPortrait UIInterfaceOrientationLandscapeLeft UIInterfaceOrientationLandscapeRight";
				LD_RUNPATH_SEARCH_PATHS = (
					"$(inherited)",
					"@executable_path/Frameworks",
				);
				MARKETING_VERSION = 1.0;
				PRODUCT_BUNDLE_IDENTIFIER = "com.kolundaevva.VK-handmade";
				PRODUCT_NAME = "$(TARGET_NAME)";
				SWIFT_EMIT_LOC_STRINGS = YES;
				SWIFT_VERSION = 5.0;
				TARGETED_DEVICE_FAMILY = 1;
			};
			name = Debug;
		};
		47E7D52F2892C6990052DE8C /* Release */ = {
			isa = XCBuildConfiguration;
			baseConfigurationReference = 5D12E72F7386D26C57A0273E /* Pods-VK_handmade.release.xcconfig */;
			buildSettings = {
				ASSETCATALOG_COMPILER_APPICON_NAME = AppIcon;
				ASSETCATALOG_COMPILER_GLOBAL_ACCENT_COLOR_NAME = AccentColor;
				CODE_SIGN_STYLE = Automatic;
				CURRENT_PROJECT_VERSION = 1;
				DEVELOPMENT_TEAM = 27TP8KZ84U;
				GENERATE_INFOPLIST_FILE = YES;
				INFOPLIST_FILE = VK_handmade/Info.plist;
				INFOPLIST_KEY_UIApplicationSupportsIndirectInputEvents = YES;
				INFOPLIST_KEY_UILaunchStoryboardName = LaunchScreen;
				INFOPLIST_KEY_UIMainStoryboardFile = Main;
				INFOPLIST_KEY_UISupportedInterfaceOrientations_iPad = "UIInterfaceOrientationPortrait UIInterfaceOrientationPortraitUpsideDown UIInterfaceOrientationLandscapeLeft UIInterfaceOrientationLandscapeRight";
				INFOPLIST_KEY_UISupportedInterfaceOrientations_iPhone = "UIInterfaceOrientationPortrait UIInterfaceOrientationLandscapeLeft UIInterfaceOrientationLandscapeRight";
				LD_RUNPATH_SEARCH_PATHS = (
					"$(inherited)",
					"@executable_path/Frameworks",
				);
				MARKETING_VERSION = 1.0;
				PRODUCT_BUNDLE_IDENTIFIER = "com.kolundaevva.VK-handmade";
				PRODUCT_NAME = "$(TARGET_NAME)";
				SWIFT_EMIT_LOC_STRINGS = YES;
				SWIFT_VERSION = 5.0;
				TARGETED_DEVICE_FAMILY = 1;
			};
			name = Release;
		};
/* End XCBuildConfiguration section */

/* Begin XCConfigurationList section */
		47E7D5142892C6980052DE8C /* Build configuration list for PBXProject "VK_handmade" */ = {
			isa = XCConfigurationList;
			buildConfigurations = (
				47E7D52B2892C6990052DE8C /* Debug */,
				47E7D52C2892C6990052DE8C /* Release */,
			);
			defaultConfigurationIsVisible = 0;
			defaultConfigurationName = Release;
		};
		47E7D52D2892C6990052DE8C /* Build configuration list for PBXNativeTarget "VK_handmade" */ = {
			isa = XCConfigurationList;
			buildConfigurations = (
				47E7D52E2892C6990052DE8C /* Debug */,
				47E7D52F2892C6990052DE8C /* Release */,
			);
			defaultConfigurationIsVisible = 0;
			defaultConfigurationName = Release;
		};
/* End XCConfigurationList section */
	};
	rootObject = 47E7D5112892C6980052DE8C /* Project object */;
}
